
Microsoft Visual Studio Solution File, Format Version 12.00
# Visual Studio 15
VisualStudioVersion = 15.0.28010.2003
MinimumVisualStudioVersion = 10.0.40219.1
Project("{FAE04EC0-301F-11D3-BF4B-00C04F79EFBC}") = "ConsoleApp1", "ConsoleApp1\ConsoleApp1.csproj", "{4BB0E9A3-338B-42E7-BFE5-D199C69EB9BB}"
EndProject
Global
	GlobalSection(SolutionConfigurationPlatforms) = preSolution
		Debug|Any CPU = Debug|Any CPU
		Release|Any CPU = Release|Any CPU
	EndGlobalSection
	GlobalSection(ProjectConfigurationPlatforms) = postSolution
		{4BB0E9A3-338B-42E7-BFE5-D199C69EB9BB}.Debug|Any CPU.ActiveCfg = Debug|Any CPU
		{4BB0E9A3-338B-42E7-BFE5-D199C69EB9BB}.Debug|Any CPU.Build.0 = Debug|Any CPU
		{4BB0E9A3-338B-42E7-BFE5-D199C69EB9BB}.Release|Any CPU.ActiveCfg = Release|Any CPU
		{4BB0E9A3-338B-42E7-BFE5-D199C69EB9BB}.Release|Any CPU.Build.0 = Release|Any CPU
	EndGlobalSection
	GlobalSection(SolutionProperties) = preSolution
		HideSolutionNode = FALSE
	EndGlobalSection
	GlobalSection(ExtensibilityGlobals) = postSolution
		SolutionGuid = {9E397DA2-5010-479E-B2D8-085AF56E433D}
	EndGlobalSection
EndGlobal
